{
  "version": 4,
  "terraform_version": "1.0.7",
  "serial": 14,
  "lineage": "f072b64e-e694-afee-de47-5d68288e46fb",
  "outputs": {},
  "resources": [
    {
      "mode": "managed",
      "type": "google_container_cluster",
      "name": "airflow-cluster",
      "provider": "provider[\"registry.terraform.io/hashicorp/google-beta\"]",
      "instances": [
        {
          "schema_version": 1,
          "attributes": {
            "addons_config": [
              {
                "cloudrun_config": [],
                "config_connector_config": [],
                "dns_cache_config": [],
                "gce_persistent_disk_csi_driver_config": [
                  {
                    "enabled": true
                  }
                ],
                "horizontal_pod_autoscaling": [],
                "http_load_balancing": [],
                "istio_config": [],
                "kalm_config": [],
                "network_policy_config": [
                  {
                    "disabled": true
                  }
                ]
              }
            ],
            "authenticator_groups_config": [],
            "cluster_autoscaling": [
              {
                "auto_provisioning_defaults": [],
                "autoscaling_profile": "BALANCED",
                "enabled": false,
                "resource_limits": []
              }
            ],
            "cluster_ipv4_cidr": "10.92.0.0/14",
            "cluster_telemetry": [
              {
                "type": "ENABLED"
              }
            ],
            "confidential_nodes": [],
            "database_encryption": [
              {
                "key_name": "",
                "state": "DECRYPTED"
              }
            ],
            "datapath_provider": "",
            "default_max_pods_per_node": null,
            "default_snat_status": [
              {
                "disabled": false
              }
            ],
            "description": "",
            "dns_config": [],
            "enable_autopilot": false,
            "enable_binary_authorization": false,
            "enable_intranode_visibility": false,
            "enable_kubernetes_alpha": false,
            "enable_l4_ilb_subsetting": false,
            "enable_legacy_abac": false,
            "enable_shielded_nodes": false,
            "enable_tpu": false,
            "endpoint": "34.66.179.224",
            "id": "projects/gurus-project1/locations/us-central1-f/clusters/airflow-cluster",
            "initial_node_count": 1,
            "instance_group_urls": [
              "https://www.googleapis.com/compute/beta/projects/gurus-project1/zones/us-central1-f/instanceGroups/gke-airflow-cluster-default-pool-a67214d8-grp"
            ],
            "ip_allocation_policy": [],
            "label_fingerprint": "a9dc16a7",
            "location": "us-central1-f",
            "logging_service": "logging.googleapis.com/kubernetes",
            "maintenance_policy": [],
            "master_auth": [
              {
                "client_certificate": "",
                "client_certificate_config": [
                  {
                    "issue_client_certificate": false
                  }
                ],
                "client_key": "",
                "cluster_ca_certificate": "LS0tLS1CRUdJTiBDRVJUSUZJQ0FURS0tLS0tCk1JSUVMVENDQXBXZ0F3SUJBZ0lSQVA5b1RFVVRjVDZiTlp5OC8xT1hrcjR3RFFZSktvWklodmNOQVFFTEJRQXcKTHpFdE1Dc0dBMVVFQXhNa01UZzFaRFJqTjJZdFlUVmpPUzAwWVRabExXRmxOemt0TkdWbVlqZzVOMkUxTWpndwpNQ0FYRFRJeE1Ea3lPVEl5TXpBeU5Wb1lEekl3TlRFd09USXlNak16TURJMVdqQXZNUzB3S3dZRFZRUURFeVF4Ck9EVmtOR00zWmkxaE5XTTVMVFJoTm1VdFlXVTNPUzAwWldaaU9EazNZVFV5T0RBd2dnR2lNQTBHQ1NxR1NJYjMKRFFFQkFRVUFBNElCandBd2dnR0tBb0lCZ1FDWCtDVG1aMy9CK0k5eERaaDJYRWFGY3RydUdVNlRSQjFWZVI0cApLSXhzU2JlYlFETmZlMThWQWh0ZndQWGNQbGpBUmM2SjlKL01lL1FWdjg1OFdtQlNPbWN5M25TaWF2YU1mMmROClJjUmZGY0VQQk5Xa3hIVnFrZFM3NEU3WmlZUUJSKzU4MzZuOU9TQU9xQVB6OHZHbXRVS2cyclN3Vm0ydnh2dlMKNkRRUkZVaWMxM3FKRnhnZ0s1RVllN210WE9Bd1BZR1d5WC9ZWG1TQVZqeHpzcUlqZTFrQ3RVL21qY0xncUR3OQowbjRYNWwrWTFISXVQeURrV2NaYWI0b2Q2M1dTZGljSXlrVzBSRCthOEt0enhIUlp6ZUtOTHpsRy9DSWR3Wk5mCmVXMFBkYkpEbXlyTzNRRnh2bGdRaERYL2VkaG5jdXJES3c0V1dVN1hLNVRCeDVyTU16d1haS2J5cTd5emRsNW0KVlVwNGZsY2d0cG84QXBBU2NRd1FZN1M4dFF0dmVhNUc4UnRPZEdScUNROUFCUDd5TFN0KzNPWHVkeUUvTnJnRgp6V1JyS1p1VTdQR2lsbE9RWEJ0Y2gxVFVlZTdCMVJLOFEySjBNMXlyTTJMNldydURWU1Y1YjNTaFZEUUorTkZNClVPazZnemlLRU9zcWl3MTQzbWpUdTlKNDlxTUNBd0VBQWFOQ01FQXdEZ1lEVlIwUEFRSC9CQVFEQWdJRU1BOEcKQTFVZEV3RUIvd1FGTUFNQkFmOHdIUVlEVlIwT0JCWUVGRXEyNEM3SGNlZ0tXcGJNYnRYS1l6RCtNTU9MTUEwRwpDU3FHU0liM0RRRUJDd1VBQTRJQmdRQmpOUjErN1QyL3BLU3pYMkdqK1JmeWNxV1pFSW1hUFU0a21mTmVRYnpZCkdlWk90SlYyTERYZkk4V2RacGxCWFdHVlJ1RWhQMlY3RkVaQU90VTdYR2RtcHNacW1BR1llWS94QmFLVXh2aFgKaGNxZHNRQ2JVZ2VRK3V4RldKN3NRenFMVmtZdlNNTkNqQWQyWFpKQnFWSlJkVU5uMlVmSkN5V1IwQjB0TWlFbwp0WUhxZm4wVG9FYmhkUE9RL3Y0dk1PTHdTd1pzd25hZGtENDRRODhYT3o4VmY4cmt4L2d0ZGIyVy8yUFZHRGRwCjEzNG5YL3poREJuYUp1ZE1TbkFSemp5YjNZNWFEMTltQ1h5KzZGaUZPNUExOWZBMXFiTmV5MGNhcGpaZXB0YW0KWlorZjhQeTdXYUpCY1h2akZsd25JSXNQNnNmUU81ZS9Bb096VnpHTnV1dHplaHNpN0o0eXlBazgyM2ZjQkNKcApPMm14SXVRNUg1L3NRU29KdS9NNUNrd3E5aWhvOEZqcFNaUmdGVmg4WklMUWxqc3BuKzhJYUpMQzhiRy8vMHVECi9Ea21kaG5xZmhBbEN2OUpZV3UveG4rWFRPakpnRGltU2M3MlNSSkJLb0FxY0t0eEhHZUVxRG5wSVV1bU1sbk8KM25YcG5uSnl2RGs3SzR4VjU5THdEY2c9Ci0tLS0tRU5EIENFUlRJRklDQVRFLS0tLS0K",
                "password": "",
                "username": ""
              }
            ],
            "master_authorized_networks_config": [],
            "master_version": "1.20.9-gke.1001",
            "min_master_version": null,
            "monitoring_service": "monitoring.googleapis.com/kubernetes",
            "name": "airflow-cluster",
            "network": "projects/gurus-project1/global/networks/default",
            "network_policy": [
              {
                "enabled": false,
                "provider": "PROVIDER_UNSPECIFIED"
              }
            ],
            "networking_mode": "ROUTES",
            "node_config": [
              {
                "boot_disk_kms_key": "",
                "disk_size_gb": 100,
                "disk_type": "pd-standard",
                "ephemeral_storage_config": [],
                "guest_accelerator": [],
                "image_type": "COS_CONTAINERD",
                "kubelet_config": [],
                "labels": {},
                "linux_node_config": [],
                "local_ssd_count": 0,
                "machine_type": "n1-standard-4",
                "metadata": {
                  "disable-legacy-endpoints": "true"
                },
                "min_cpu_platform": "",
                "oauth_scopes": [
                  "https://www.googleapis.com/auth/devstorage.read_only"
                ],
                "preemptible": false,
                "sandbox_config": [],
                "service_account": "default",
                "shielded_instance_config": [
                  {
                    "enable_integrity_monitoring": true,
                    "enable_secure_boot": false
                  }
                ],
                "tags": null,
                "taint": [],
                "workload_metadata_config": [
                  {
                    "node_metadata": "GKE_METADATA_SERVER"
                  }
                ]
              }
            ],
            "node_locations": [],
            "node_pool": [
              {
                "autoscaling": [],
                "initial_node_count": 1,
                "instance_group_urls": [
                  "https://www.googleapis.com/compute/v1/projects/gurus-project1/zones/us-central1-f/instanceGroupManagers/gke-airflow-cluster-default-pool-a67214d8-grp"
                ],
                "management": [
                  {
                    "auto_repair": true,
                    "auto_upgrade": true
                  }
                ],
                "max_pods_per_node": 0,
                "name": "default-pool",
                "name_prefix": "",
                "network_config": [],
                "node_config": [
                  {
                    "boot_disk_kms_key": "",
                    "disk_size_gb": 100,
                    "disk_type": "pd-standard",
                    "ephemeral_storage_config": [],
                    "guest_accelerator": [],
                    "image_type": "COS_CONTAINERD",
                    "kubelet_config": [],
                    "labels": {},
                    "linux_node_config": [],
                    "local_ssd_count": 0,
                    "machine_type": "n1-standard-4",
                    "metadata": {
                      "disable-legacy-endpoints": "true"
                    },
                    "min_cpu_platform": "",
                    "oauth_scopes": [
                      "https://www.googleapis.com/auth/devstorage.read_only",
                      "https://www.googleapis.com/auth/logging.write",
                      "https://www.googleapis.com/auth/monitoring"
                    ],
                    "preemptible": false,
                    "sandbox_config": [],
                    "service_account": "default",
                    "shielded_instance_config": [
                      {
                        "enable_integrity_monitoring": true,
                        "enable_secure_boot": false
                      }
                    ],
                    "tags": [],
                    "taint": [],
                    "workload_metadata_config": [
                      {
                        "node_metadata": "GKE_METADATA_SERVER"
                      }
                    ]
                  }
                ],
                "node_count": 1,
                "node_locations": [
                  "us-central1-f"
                ],
                "upgrade_settings": [
                  {
                    "max_surge": 1,
                    "max_unavailable": 0
                  }
                ],
                "version": "1.20.9-gke.1001"
              }
            ],
            "node_version": "1.20.9-gke.1001",
            "notification_config": [
              {
                "pubsub": [
                  {
                    "enabled": false,
                    "topic": ""
                  }
                ]
              }
            ],
            "operation": null,
            "pod_security_policy_config": [
              {
                "enabled": false
              }
            ],
            "private_cluster_config": [],
            "private_ipv6_google_access": "",
            "project": "gurus-project1",
            "release_channel": [
              {
                "channel": "REGULAR"
              }
            ],
            "remove_default_node_pool": null,
            "resource_labels": null,
            "resource_usage_export_config": [],
            "self_link": "https://container.googleapis.com/v1beta1/projects/gurus-project1/zones/us-central1-f/clusters/airflow-cluster",
            "services_ipv4_cidr": "10.95.240.0/20",
            "subnetwork": "projects/gurus-project1/regions/us-central1/subnetworks/default",
            "timeouts": null,
            "tpu_ipv4_cidr_block": "",
            "vertical_pod_autoscaling": [],
            "workload_identity_config": [
              {
                "identity_namespace": "gurus-project1.svc.id.goog"
              }
            ]
          },
          "sensitive_attributes": [],
          "private": "eyJlMmJmYjczMC1lY2FhLTExZTYtOGY4OC0zNDM2M2JjN2M0YzAiOnsiY3JlYXRlIjoyNDAwMDAwMDAwMDAwLCJkZWxldGUiOjI0MDAwMDAwMDAwMDAsInJlYWQiOjI0MDAwMDAwMDAwMDAsInVwZGF0ZSI6MzYwMDAwMDAwMDAwMH0sInNjaGVtYV92ZXJzaW9uIjoiMSJ9"
        }
      ]
    },
    {
      "mode": "managed",
      "type": "google_sql_database",
      "name": "airflow-schema",
      "provider": "provider[\"registry.terraform.io/hashicorp/google\"]",
      "instances": [
        {
          "schema_version": 0,
          "attributes": {
            "charset": "UTF8",
            "collation": "en_US.UTF8",
            "id": "projects/gurus-project1/instances/airflow-psqlforgke/databases/airflow",
            "instance": "airflow-psqlforgke",
            "name": "airflow",
            "project": "gurus-project1",
            "self_link": "https://sqladmin.googleapis.com/sql/v1beta4/projects/gurus-project1/instances/airflow-psqlforgke/databases/airflow",
            "timeouts": null
          },
          "sensitive_attributes": [],
          "private": "eyJlMmJmYjczMC1lY2FhLTExZTYtOGY4OC0zNDM2M2JjN2M0YzAiOnsiY3JlYXRlIjo5MDAwMDAwMDAwMDAsImRlbGV0ZSI6NjAwMDAwMDAwMDAwLCJ1cGRhdGUiOjYwMDAwMDAwMDAwMH19",
          "dependencies": [
            "google_sql_database_instance.airflow-db"
          ]
        }
      ]
    },
    {
      "mode": "managed",
      "type": "google_sql_database_instance",
      "name": "airflow-db",
      "provider": "provider[\"registry.terraform.io/hashicorp/google\"]",
      "instances": [
        {
          "schema_version": 0,
          "attributes": {
            "clone": [],
            "connection_name": "gurus-project1:us-central1:airflow-psqlforgke",
            "database_version": "POSTGRES_12",
            "deletion_protection": true,
            "first_ip_address": "35.222.120.238",
            "id": "airflow-psqlforgke",
            "ip_address": [
              {
                "ip_address": "35.222.120.238",
                "time_to_retire": "",
                "type": "PRIMARY"
              },
              {
                "ip_address": "34.123.55.89",
                "time_to_retire": "",
                "type": "OUTGOING"
              }
            ],
            "master_instance_name": "",
            "name": "airflow-psqlforgke",
            "private_ip_address": "",
            "project": "gurus-project1",
            "public_ip_address": "35.222.120.238",
            "region": "us-central1",
            "replica_configuration": [],
            "restore_backup_context": [],
            "root_password": null,
            "self_link": "https://sqladmin.googleapis.com/sql/v1beta4/projects/gurus-project1/instances/airflow-psqlforgke",
            "server_ca_cert": [
              {
                "cert": "-----BEGIN CERTIFICATE-----\nMIIDfzCCAmegAwIBAgIBADANBgkqhkiG9w0BAQsFADB3MS0wKwYDVQQuEyQ0NGMz\nMzAyYS1hZmU1LTQ2M2ItYmQ2Ni01MmZkMjA0NzNjYjUxIzAhBgNVBAMTGkdvb2ds\nZSBDbG91ZCBTUUwgU2VydmVyIENBMRQwEgYDVQQKEwtHb29nbGUsIEluYzELMAkG\nA1UEBhMCVVMwHhcNMjEwOTI5MjMzMDQ1WhcNMzEwOTI3MjMzMTQ1WjB3MS0wKwYD\nVQQuEyQ0NGMzMzAyYS1hZmU1LTQ2M2ItYmQ2Ni01MmZkMjA0NzNjYjUxIzAhBgNV\nBAMTGkdvb2dsZSBDbG91ZCBTUUwgU2VydmVyIENBMRQwEgYDVQQKEwtHb29nbGUs\nIEluYzELMAkGA1UEBhMCVVMwggEiMA0GCSqGSIb3DQEBAQUAA4IBDwAwggEKAoIB\nAQCWLU6JWMrx1F+wXxMwknj2yf5qEFFiW6tUi4epMBweQHPHk1wJq5v+rOEXK4vC\n2rXMySRNzHBeItCKN7Tp/IzCSdt25W4omgfb3QjflexIxapGnvm4p561ie64dYBH\nCr/V1KpVhXzsXhIJbfLptXtUhlYA8KBpEBcswE5z7hqwSWYgLLyXeVjHNUj8JbX7\nXhfE5a/AEhakq9fKdoivLUDlIuTf8WZWt9egWX/pjrwqK2kIHiNFFTabitFBMJyt\nCn2d02bR7GS4TV3ngdSut04g0DpIFcTh27aV9/QoEzH9d9kKOYUPQbntpW2zF6Zq\nmRZE0hDh/wzj4a8sUdHqUHKLAgMBAAGjFjAUMBIGA1UdEwEB/wQIMAYBAf8CAQAw\nDQYJKoZIhvcNAQELBQADggEBACTmQDsl3ILd86D5BaxMdyuiOhFvcmj/+GHniiYL\nVQ04/7R5h+nA2oWgeQ7jmRSLNlwYTUfBxH8w74PmWP0A4ONA608rrkStkr7rFcN4\nXO+YylOc7xwHHPx1XFLzVYFcuj8H8aP3gd7YDFneKUB+tZzfhj2e3ZsHh/TonTq8\n2rFqkl9uGyMZkK4snEjhqILKtHMBYm3vMxJHU2HfyKsWG0joXO265byWRIW2nogt\nIc+EbUI9p0c7s8KRyKfdcQFx1fcW5q0vRkuqSHcq8cQQEGqL0rLX70D5H1CRqq8A\nhJ9+NTgtZMQde4WJO9ukiyLRlNBz//WDCYTzMDPD+GcShR8=\n-----END CERTIFICATE-----",
                "common_name": "C=US,O=Google\\, Inc,CN=Google Cloud SQL Server CA,dnQualifier=44c3302a-afe5-463b-bd66-52fd20473cb5",
                "create_time": "2021-09-29T23:30:45.332Z",
                "expiration_time": "2031-09-27T23:31:45.332Z",
                "sha1_fingerprint": "bd7e5a32a0fa7a4cf95705746651000cb7b3bdbf"
              }
            ],
            "service_account_email_address": "p1067454197902-e1hkek@gcp-sa-cloud-sql.iam.gserviceaccount.com",
            "settings": [
              {
                "activation_policy": "ALWAYS",
                "authorized_gae_applications": [],
                "availability_type": "ZONAL",
                "backup_configuration": [
                  {
                    "backup_retention_settings": [
                      {
                        "retained_backups": 7,
                        "retention_unit": "COUNT"
                      }
                    ],
                    "binary_log_enabled": false,
                    "enabled": false,
                    "location": "",
                    "point_in_time_recovery_enabled": false,
                    "start_time": "05:00",
                    "transaction_log_retention_days": 7
                  }
                ],
                "collation": "",
                "crash_safe_replication": false,
                "database_flags": [],
                "disk_autoresize": true,
                "disk_autoresize_limit": 0,
                "disk_size": 10,
                "disk_type": "PD_SSD",
                "insights_config": [],
                "ip_configuration": [
                  {
                    "authorized_networks": [],
                    "ipv4_enabled": true,
                    "private_network": "",
                    "require_ssl": false
                  }
                ],
                "location_preference": [
                  {
                    "follow_gae_application": "",
                    "zone": "us-central1-c"
                  }
                ],
                "maintenance_window": [],
                "pricing_plan": "PER_USE",
                "replication_type": "SYNCHRONOUS",
                "tier": "db-g1-small",
                "user_labels": {},
                "version": 1
              }
            ],
            "timeouts": null
          },
          "sensitive_attributes": [],
          "private": "eyJlMmJmYjczMC1lY2FhLTExZTYtOGY4OC0zNDM2M2JjN2M0YzAiOnsiY3JlYXRlIjoxODAwMDAwMDAwMDAwLCJkZWxldGUiOjE4MDAwMDAwMDAwMDAsInVwZGF0ZSI6MTgwMDAwMDAwMDAwMH19"
        }
      ]
    }
  ]
}
